
Microsoft Visual Studio Solution File, Format Version 12.00
# Visual Studio 15
VisualStudioVersion = 15.0.27004.2005
MinimumVisualStudioVersion = 10.0.40219.1
Project("{9A19103F-16F7-4668-BE54-9A1E7A4F7556}") = "SharpExchange", "SharpExchange\SharpExchange.csproj", "{7B65A1C9-DB5F-4292-BAEE-A572DDF6C6C0}"
EndProject
Project("{9A19103F-16F7-4668-BE54-9A1E7A4F7556}") = "Chat", "Examples\Chat\Chat.csproj", "{EB41FF49-614D-4835-8B81-7C26BC0C8D9E}"
EndProject
Project("{2150E333-8FDC-42A3-9474-1A3956D46DE8}") = "Examples", "Examples", "{6DFFB6B0-792B-4253-AE05-F90F017D0EEC}"
EndProject
Project("{9A19103F-16F7-4668-BE54-9A1E7A4F7556}") = "Api", "Examples\Api\Api.csproj", "{F3F96FDC-4828-4793-9E05-2AAA8FF269A0}"
EndProject
Global
	GlobalSection(SolutionConfigurationPlatforms) = preSolution
		Debug|Any CPU = Debug|Any CPU
		Release|Any CPU = Release|Any CPU
	EndGlobalSection
	GlobalSection(ProjectConfigurationPlatforms) = postSolution
		{7B65A1C9-DB5F-4292-BAEE-A572DDF6C6C0}.Debug|Any CPU.ActiveCfg = Debug|Any CPU
		{7B65A1C9-DB5F-4292-BAEE-A572DDF6C6C0}.Debug|Any CPU.Build.0 = Debug|Any CPU
		{7B65A1C9-DB5F-4292-BAEE-A572DDF6C6C0}.Release|Any CPU.ActiveCfg = Release|Any CPU
		{7B65A1C9-DB5F-4292-BAEE-A572DDF6C6C0}.Release|Any CPU.Build.0 = Release|Any CPU
		{EB41FF49-614D-4835-8B81-7C26BC0C8D9E}.Debug|Any CPU.ActiveCfg = Debug|Any CPU
		{EB41FF49-614D-4835-8B81-7C26BC0C8D9E}.Debug|Any CPU.Build.0 = Debug|Any CPU
		{EB41FF49-614D-4835-8B81-7C26BC0C8D9E}.Release|Any CPU.ActiveCfg = Release|Any CPU
		{EB41FF49-614D-4835-8B81-7C26BC0C8D9E}.Release|Any CPU.Build.0 = Release|Any CPU
		{F3F96FDC-4828-4793-9E05-2AAA8FF269A0}.Debug|Any CPU.ActiveCfg = Debug|Any CPU
		{F3F96FDC-4828-4793-9E05-2AAA8FF269A0}.Debug|Any CPU.Build.0 = Debug|Any CPU
		{F3F96FDC-4828-4793-9E05-2AAA8FF269A0}.Release|Any CPU.ActiveCfg = Release|Any CPU
		{F3F96FDC-4828-4793-9E05-2AAA8FF269A0}.Release|Any CPU.Build.0 = Release|Any CPU
	EndGlobalSection
	GlobalSection(SolutionProperties) = preSolution
		HideSolutionNode = FALSE
	EndGlobalSection
	GlobalSection(NestedProjects) = preSolution
		{EB41FF49-614D-4835-8B81-7C26BC0C8D9E} = {6DFFB6B0-792B-4253-AE05-F90F017D0EEC}
		{F3F96FDC-4828-4793-9E05-2AAA8FF269A0} = {6DFFB6B0-792B-4253-AE05-F90F017D0EEC}
	EndGlobalSection
	GlobalSection(ExtensibilityGlobals) = postSolution
		SolutionGuid = {BE90895D-14BF-468A-8F5E-75DD4D2CEA0E}
	EndGlobalSection
EndGlobal
