
Microsoft Visual Studio Solution File, Format Version 12.00
# Visual Studio 15
VisualStudioVersion = 15.0.27004.2005
MinimumVisualStudioVersion = 10.0.40219.1
Project("{FAE04EC0-301F-11D3-BF4B-00C04F79EFBC}") = "StackExchange", "StackExchange\StackExchange.csproj", "{7B65A1C9-DB5F-4292-BAEE-A572DDF6C6C0}"
EndProject
Global
	GlobalSection(SolutionConfigurationPlatforms) = preSolution
		Debug|Any CPU = Debug|Any CPU
		Release|Any CPU = Release|Any CPU
	EndGlobalSection
	GlobalSection(ProjectConfigurationPlatforms) = postSolution
		{7B65A1C9-DB5F-4292-BAEE-A572DDF6C6C0}.Debug|Any CPU.ActiveCfg = Debug|Any CPU
		{7B65A1C9-DB5F-4292-BAEE-A572DDF6C6C0}.Debug|Any CPU.Build.0 = Debug|Any CPU
		{7B65A1C9-DB5F-4292-BAEE-A572DDF6C6C0}.Release|Any CPU.ActiveCfg = Release|Any CPU
		{7B65A1C9-DB5F-4292-BAEE-A572DDF6C6C0}.Release|Any CPU.Build.0 = Release|Any CPU
	EndGlobalSection
	GlobalSection(SolutionProperties) = preSolution
		HideSolutionNode = FALSE
	EndGlobalSection
	GlobalSection(ExtensibilityGlobals) = postSolution
		SolutionGuid = {BE90895D-14BF-468A-8F5E-75DD4D2CEA0E}
	EndGlobalSection
EndGlobal
